// !$*UTF8*$!
{
	archiveVersion = 1;
	classes = {
	};
	objectVersion = 56;
	objects = {

/* Begin PBXBuildFile section */
		3F1D1FF12BE4BEA300E8B5E2 /* FeatureMain in Frameworks */ = {isa = PBXBuildFile; productRef = 3F1D1FF02BE4BEA300E8B5E2 /* FeatureMain */; };
		7C23EE932BF25ABD00E7822B /* TSCoordinatorSwiftUIDemoApp.swift in Sources */ = {isa = PBXBuildFile; fileRef = 7C23EE882BF25ABD00E7822B /* TSCoordinatorSwiftUIDemoApp.swift */; };
		7C23EE942BF25ABD00E7822B /* Assets.xcassets in Resources */ = {isa = PBXBuildFile; fileRef = 7C23EE892BF25ABD00E7822B /* Assets.xcassets */; };
		7C23EE952BF25ABD00E7822B /* Preview Assets.xcassets in Resources */ = {isa = PBXBuildFile; fileRef = 7C23EE8B2BF25ABD00E7822B /* Preview Assets.xcassets */; };
		7C23EE962BF25ABD00E7822B /* FeatureA in Resources */ = {isa = PBXBuildFile; fileRef = 7C23EE8D2BF25ABD00E7822B /* FeatureA */; };
		7C23EE972BF25ABD00E7822B /* FeatureMain in Resources */ = {isa = PBXBuildFile; fileRef = 7C23EE8E2BF25ABD00E7822B /* FeatureMain */; };
		7C23EE982BF25ABD00E7822B /* FeatureC in Resources */ = {isa = PBXBuildFile; fileRef = 7C23EE8F2BF25ABD00E7822B /* FeatureC */; };
		7C23EE992BF25ABD00E7822B /* FeatureCommon in Resources */ = {isa = PBXBuildFile; fileRef = 7C23EE902BF25ABD00E7822B /* FeatureCommon */; };
		7C23EE9A2BF25ABD00E7822B /* FeatureB in Resources */ = {isa = PBXBuildFile; fileRef = 7C23EE912BF25ABD00E7822B /* FeatureB */; };
		7C23EE9B2BF25ABD00E7822B /* ContentView.swift in Sources */ = {isa = PBXBuildFile; fileRef = 7C23EE922BF25ABD00E7822B /* ContentView.swift */; };
/* End PBXBuildFile section */

/* Begin PBXFileReference section */
		3F1D1FD32BE4BE2400E8B5E2 /* TSCoordinatorSwiftUIDemo.app */ = {isa = PBXFileReference; explicitFileType = wrapper.application; includeInIndex = 0; path = TSCoordinatorSwiftUIDemo.app; sourceTree = BUILT_PRODUCTS_DIR; };
		7C23EE882BF25ABD00E7822B /* TSCoordinatorSwiftUIDemoApp.swift */ = {isa = PBXFileReference; fileEncoding = 4; lastKnownFileType = sourcecode.swift; path = TSCoordinatorSwiftUIDemoApp.swift; sourceTree = "<group>"; };
		7C23EE892BF25ABD00E7822B /* Assets.xcassets */ = {isa = PBXFileReference; lastKnownFileType = folder.assetcatalog; path = Assets.xcassets; sourceTree = "<group>"; };
		7C23EE8B2BF25ABD00E7822B /* Preview Assets.xcassets */ = {isa = PBXFileReference; lastKnownFileType = folder.assetcatalog; path = "Preview Assets.xcassets"; sourceTree = "<group>"; };
		7C23EE8D2BF25ABD00E7822B /* FeatureA */ = {isa = PBXFileReference; lastKnownFileType = wrapper; path = FeatureA; sourceTree = "<group>"; };
		7C23EE8E2BF25ABD00E7822B /* FeatureMain */ = {isa = PBXFileReference; lastKnownFileType = wrapper; path = FeatureMain; sourceTree = "<group>"; };
		7C23EE8F2BF25ABD00E7822B /* FeatureC */ = {isa = PBXFileReference; lastKnownFileType = wrapper; path = FeatureC; sourceTree = "<group>"; };
		7C23EE902BF25ABD00E7822B /* FeatureCommon */ = {isa = PBXFileReference; lastKnownFileType = wrapper; path = FeatureCommon; sourceTree = "<group>"; };
		7C23EE912BF25ABD00E7822B /* FeatureB */ = {isa = PBXFileReference; lastKnownFileType = wrapper; path = FeatureB; sourceTree = "<group>"; };
		7C23EE922BF25ABD00E7822B /* ContentView.swift */ = {isa = PBXFileReference; fileEncoding = 4; lastKnownFileType = sourcecode.swift; path = ContentView.swift; sourceTree = "<group>"; };
/* End PBXFileReference section */

/* Begin PBXFrameworksBuildPhase section */
		3F1D1FD02BE4BE2400E8B5E2 /* Frameworks */ = {
			isa = PBXFrameworksBuildPhase;
			buildActionMask = 2147483647;
			files = (
				3F1D1FF12BE4BEA300E8B5E2 /* FeatureMain in Frameworks */,
			);
			runOnlyForDeploymentPostprocessing = 0;
		};
/* End PBXFrameworksBuildPhase section */

/* Begin PBXGroup section */
		3F1D1FCA2BE4BE2400E8B5E2 = {
			isa = PBXGroup;
			children = (
				7C23EE872BF25ABD00E7822B /* TSCoordinatorSwiftUIDemo */,
				3F1D1FD42BE4BE2400E8B5E2 /* Products */,
				3F1D1FEF2BE4BEA300E8B5E2 /* Frameworks */,
			);
			sourceTree = "<group>";
		};
		3F1D1FD42BE4BE2400E8B5E2 /* Products */ = {
			isa = PBXGroup;
			children = (
				3F1D1FD32BE4BE2400E8B5E2 /* TSCoordinatorSwiftUIDemo.app */,
			);
			name = Products;
			sourceTree = "<group>";
		};
		3F1D1FEF2BE4BEA300E8B5E2 /* Frameworks */ = {
			isa = PBXGroup;
			children = (
			);
			name = Frameworks;
			sourceTree = "<group>";
		};
		7C23EE872BF25ABD00E7822B /* TSCoordinatorSwiftUIDemo */ = {
			isa = PBXGroup;
			children = (
				7C23EE8C2BF25ABD00E7822B /* Packages */,
				7C23EE882BF25ABD00E7822B /* TSCoordinatorSwiftUIDemoApp.swift */,
				7C23EE922BF25ABD00E7822B /* ContentView.swift */,
				7C23EE892BF25ABD00E7822B /* Assets.xcassets */,
				7C23EE8A2BF25ABD00E7822B /* Preview Content */,
			);
			path = TSCoordinatorSwiftUIDemo;
			sourceTree = "<group>";
		};
		7C23EE8A2BF25ABD00E7822B /* Preview Content */ = {
			isa = PBXGroup;
			children = (
				7C23EE8B2BF25ABD00E7822B /* Preview Assets.xcassets */,
			);
			path = "Preview Content";
			sourceTree = "<group>";
		};
		7C23EE8C2BF25ABD00E7822B /* Packages */ = {
			isa = PBXGroup;
			children = (
				7C23EE902BF25ABD00E7822B /* FeatureCommon */,
				7C23EE8E2BF25ABD00E7822B /* FeatureMain */,
				7C23EE8D2BF25ABD00E7822B /* FeatureA */,
				7C23EE912BF25ABD00E7822B /* FeatureB */,
				7C23EE8F2BF25ABD00E7822B /* FeatureC */,
			);
			path = Packages;
			sourceTree = "<group>";
		};
/* End PBXGroup section */

/* Begin PBXNativeTarget section */
		3F1D1FD22BE4BE2400E8B5E2 /* TSCoordinatorSwiftUIDemo */ = {
			isa = PBXNativeTarget;
			buildConfigurationList = 3F1D1FE12BE4BE2500E8B5E2 /* Build configuration list for PBXNativeTarget "TSCoordinatorSwiftUIDemo" */;
			buildPhases = (
				3F1D1FCF2BE4BE2400E8B5E2 /* Sources */,
				3F1D1FD02BE4BE2400E8B5E2 /* Frameworks */,
				3F1D1FD12BE4BE2400E8B5E2 /* Resources */,
			);
			buildRules = (
			);
			dependencies = (
			);
			name = TSCoordinatorSwiftUIDemo;
			packageProductDependencies = (
				3F1D1FF02BE4BEA300E8B5E2 /* FeatureMain */,
			);
			productName = TSSwiftUICoordinatorEx;
			productReference = 3F1D1FD32BE4BE2400E8B5E2 /* TSCoordinatorSwiftUIDemo.app */;
			productType = "com.apple.product-type.application";
		};
/* End PBXNativeTarget section */

/* Begin PBXProject section */
		3F1D1FCB2BE4BE2400E8B5E2 /* Project object */ = {
			isa = PBXProject;
			attributes = {
				BuildIndependentTargetsInParallel = 1;
				LastSwiftUpdateCheck = 1530;
				LastUpgradeCheck = 1530;
				ORGANIZATIONNAME = "https://github.com/tsleedev/";
				TargetAttributes = {
					3F1D1FD22BE4BE2400E8B5E2 = {
						CreatedOnToolsVersion = 15.3;
					};
				};
			};
			buildConfigurationList = 3F1D1FCE2BE4BE2400E8B5E2 /* Build configuration list for PBXProject "TSCoordinatorSwiftUIDemo" */;
			compatibilityVersion = "Xcode 14.0";
			developmentRegion = en;
			hasScannedForEncodings = 0;
			knownRegions = (
				en,
				Base,
			);
			mainGroup = 3F1D1FCA2BE4BE2400E8B5E2;
			productRefGroup = 3F1D1FD42BE4BE2400E8B5E2 /* Products */;
			projectDirPath = "";
			projectRoot = "";
			targets = (
				3F1D1FD22BE4BE2400E8B5E2 /* TSCoordinatorSwiftUIDemo */,
			);
		};
/* End PBXProject section */

/* Begin PBXResourcesBuildPhase section */
		3F1D1FD12BE4BE2400E8B5E2 /* Resources */ = {
			isa = PBXResourcesBuildPhase;
			buildActionMask = 2147483647;
			files = (
				7C23EE972BF25ABD00E7822B /* FeatureMain in Resources */,
				7C23EE952BF25ABD00E7822B /* Preview Assets.xcassets in Resources */,
				7C23EE982BF25ABD00E7822B /* FeatureC in Resources */,
				7C23EE992BF25ABD00E7822B /* FeatureCommon in Resources */,
				7C23EE9A2BF25ABD00E7822B /* FeatureB in Resources */,
				7C23EE962BF25ABD00E7822B /* FeatureA in Resources */,
				7C23EE942BF25ABD00E7822B /* Assets.xcassets in Resources */,
			);
			runOnlyForDeploymentPostprocessing = 0;
		};
/* End PBXResourcesBuildPhase section */

/* Begin PBXSourcesBuildPhase section */
		3F1D1FCF2BE4BE2400E8B5E2 /* Sources */ = {
			isa = PBXSourcesBuildPhase;
			buildActionMask = 2147483647;
			files = (
				7C23EE9B2BF25ABD00E7822B /* ContentView.swift in Sources */,
				7C23EE932BF25ABD00E7822B /* TSCoordinatorSwiftUIDemoApp.swift in Sources */,
			);
			runOnlyForDeploymentPostprocessing = 0;
		};
/* End PBXSourcesBuildPhase section */

/* Begin XCBuildConfiguration section */
		3F1D1FDF2BE4BE2500E8B5E2 /* Debug */ = {
			isa = XCBuildConfiguration;
			buildSettings = {
				ALWAYS_SEARCH_USER_PATHS = NO;
				ASSETCATALOG_COMPILER_GENERATE_SWIFT_ASSET_SYMBOL_EXTENSIONS = YES;
				CLANG_ANALYZER_NONNULL = YES;
				CLANG_ANALYZER_NUMBER_OBJECT_CONVERSION = YES_AGGRESSIVE;
				CLANG_CXX_LANGUAGE_STANDARD = "gnu++20";
				CLANG_ENABLE_MODULES = YES;
				CLANG_ENABLE_OBJC_ARC = YES;
				CLANG_ENABLE_OBJC_WEAK = YES;
				CLANG_WARN_BLOCK_CAPTURE_AUTORELEASING = YES;
				CLANG_WARN_BOOL_CONVERSION = YES;
				CLANG_WARN_COMMA = YES;
				CLANG_WARN_CONSTANT_CONVERSION = YES;
				CLANG_WARN_DEPRECATED_OBJC_IMPLEMENTATIONS = YES;
				CLANG_WARN_DIRECT_OBJC_ISA_USAGE = YES_ERROR;
				CLANG_WARN_DOCUMENTATION_COMMENTS = YES;
				CLANG_WARN_EMPTY_BODY = YES;
				CLANG_WARN_ENUM_CONVERSION = YES;
				CLANG_WARN_INFINITE_RECURSION = YES;
				CLANG_WARN_INT_CONVERSION = YES;
				CLANG_WARN_NON_LITERAL_NULL_CONVERSION = YES;
				CLANG_WARN_OBJC_IMPLICIT_RETAIN_SELF = YES;
				CLANG_WARN_OBJC_LITERAL_CONVERSION = YES;
				CLANG_WARN_OBJC_ROOT_CLASS = YES_ERROR;
				CLANG_WARN_QUOTED_INCLUDE_IN_FRAMEWORK_HEADER = YES;
				CLANG_WARN_RANGE_LOOP_ANALYSIS = YES;
				CLANG_WARN_STRICT_PROTOTYPES = YES;
				CLANG_WARN_SUSPICIOUS_MOVE = YES;
				CLANG_WARN_UNGUARDED_AVAILABILITY = YES_AGGRESSIVE;
				CLANG_WARN_UNREACHABLE_CODE = YES;
				CLANG_WARN__DUPLICATE_METHOD_MATCH = YES;
				COPY_PHASE_STRIP = NO;
				DEBUG_INFORMATION_FORMAT = dwarf;
				ENABLE_STRICT_OBJC_MSGSEND = YES;
				ENABLE_TESTABILITY = YES;
				ENABLE_USER_SCRIPT_SANDBOXING = YES;
				GCC_C_LANGUAGE_STANDARD = gnu17;
				GCC_DYNAMIC_NO_PIC = NO;
				GCC_NO_COMMON_BLOCKS = YES;
				GCC_OPTIMIZATION_LEVEL = 0;
				GCC_PREPROCESSOR_DEFINITIONS = (
					"DEBUG=1",
					"$(inherited)",
				);
				GCC_WARN_64_TO_32_BIT_CONVERSION = YES;
				GCC_WARN_ABOUT_RETURN_TYPE = YES_ERROR;
				GCC_WARN_UNDECLARED_SELECTOR = YES;
				GCC_WARN_UNINITIALIZED_AUTOS = YES_AGGRESSIVE;
				GCC_WARN_UNUSED_FUNCTION = YES;
				GCC_WARN_UNUSED_VARIABLE = YES;
				IPHONEOS_DEPLOYMENT_TARGET = 17.4;
				LOCALIZATION_PREFERS_STRING_CATALOGS = YES;
				MTL_ENABLE_DEBUG_INFO = INCLUDE_SOURCE;
				MTL_FAST_MATH = YES;
				ONLY_ACTIVE_ARCH = YES;
				SDKROOT = iphoneos;
				SWIFT_ACTIVE_COMPILATION_CONDITIONS = "DEBUG $(inherited)";
				SWIFT_OPTIMIZATION_LEVEL = "-Onone";
			};
			name = Debug;
		};
		3F1D1FE02BE4BE2500E8B5E2 /* Release */ = {
			isa = XCBuildConfiguration;
			buildSettings = {
				ALWAYS_SEARCH_USER_PATHS = NO;
				ASSETCATALOG_COMPILER_GENERATE_SWIFT_ASSET_SYMBOL_EXTENSIONS = YES;
				CLANG_ANALYZER_NONNULL = YES;
				CLANG_ANALYZER_NUMBER_OBJECT_CONVERSION = YES_AGGRESSIVE;
				CLANG_CXX_LANGUAGE_STANDARD = "gnu++20";
				CLANG_ENABLE_MODULES = YES;
				CLANG_ENABLE_OBJC_ARC = YES;
				CLANG_ENABLE_OBJC_WEAK = YES;
				CLANG_WARN_BLOCK_CAPTURE_AUTORELEASING = YES;
				CLANG_WARN_BOOL_CONVERSION = YES;
				CLANG_WARN_COMMA = YES;
				CLANG_WARN_CONSTANT_CONVERSION = YES;
				CLANG_WARN_DEPRECATED_OBJC_IMPLEMENTATIONS = YES;
				CLANG_WARN_DIRECT_OBJC_ISA_USAGE = YES_ERROR;
				CLANG_WARN_DOCUMENTATION_COMMENTS = YES;
				CLANG_WARN_EMPTY_BODY = YES;
				CLANG_WARN_ENUM_CONVERSION = YES;
				CLANG_WARN_INFINITE_RECURSION = YES;
				CLANG_WARN_INT_CONVERSION = YES;
				CLANG_WARN_NON_LITERAL_NULL_CONVERSION = YES;
				CLANG_WARN_OBJC_IMPLICIT_RETAIN_SELF = YES;
				CLANG_WARN_OBJC_LITERAL_CONVERSION = YES;
				CLANG_WARN_OBJC_ROOT_CLASS = YES_ERROR;
				CLANG_WARN_QUOTED_INCLUDE_IN_FRAMEWORK_HEADER = YES;
				CLANG_WARN_RANGE_LOOP_ANALYSIS = YES;
				CLANG_WARN_STRICT_PROTOTYPES = YES;
				CLANG_WARN_SUSPICIOUS_MOVE = YES;
				CLANG_WARN_UNGUARDED_AVAILABILITY = YES_AGGRESSIVE;
				CLANG_WARN_UNREACHABLE_CODE = YES;
				CLANG_WARN__DUPLICATE_METHOD_MATCH = YES;
				COPY_PHASE_STRIP = NO;
				DEBUG_INFORMATION_FORMAT = "dwarf-with-dsym";
				ENABLE_NS_ASSERTIONS = NO;
				ENABLE_STRICT_OBJC_MSGSEND = YES;
				ENABLE_USER_SCRIPT_SANDBOXING = YES;
				GCC_C_LANGUAGE_STANDARD = gnu17;
				GCC_NO_COMMON_BLOCKS = YES;
				GCC_WARN_64_TO_32_BIT_CONVERSION = YES;
				GCC_WARN_ABOUT_RETURN_TYPE = YES_ERROR;
				GCC_WARN_UNDECLARED_SELECTOR = YES;
				GCC_WARN_UNINITIALIZED_AUTOS = YES_AGGRESSIVE;
				GCC_WARN_UNUSED_FUNCTION = YES;
				GCC_WARN_UNUSED_VARIABLE = YES;
				IPHONEOS_DEPLOYMENT_TARGET = 17.4;
				LOCALIZATION_PREFERS_STRING_CATALOGS = YES;
				MTL_ENABLE_DEBUG_INFO = NO;
				MTL_FAST_MATH = YES;
				SDKROOT = iphoneos;
				SWIFT_COMPILATION_MODE = wholemodule;
				VALIDATE_PRODUCT = YES;
			};
			name = Release;
		};
		3F1D1FE22BE4BE2500E8B5E2 /* Debug */ = {
			isa = XCBuildConfiguration;
			buildSettings = {
				ASSETCATALOG_COMPILER_APPICON_NAME = AppIcon;
				ASSETCATALOG_COMPILER_GLOBAL_ACCENT_COLOR_NAME = AccentColor;
				CODE_SIGN_STYLE = Automatic;
				CURRENT_PROJECT_VERSION = 1;
				DEVELOPMENT_ASSET_PATHS = "\"TSCoordinatorSwiftUIDemo/Preview Content\"";
				ENABLE_PREVIEWS = YES;
				GENERATE_INFOPLIST_FILE = YES;
				INFOPLIST_KEY_UIApplicationSceneManifest_Generation = YES;
				INFOPLIST_KEY_UIApplicationSupportsIndirectInputEvents = YES;
				INFOPLIST_KEY_UILaunchScreen_Generation = YES;
				INFOPLIST_KEY_UISupportedInterfaceOrientations = "UIInterfaceOrientationLandscapeLeft UIInterfaceOrientationLandscapeRight UIInterfaceOrientationPortrait";
				INFOPLIST_KEY_UISupportedInterfaceOrientations_iPad = "UIInterfaceOrientationLandscapeLeft UIInterfaceOrientationLandscapeRight UIInterfaceOrientationPortrait UIInterfaceOrientationPortraitUpsideDown";
				IPHONEOS_DEPLOYMENT_TARGET = 14.0;
				LD_RUNPATH_SEARCH_PATHS = (
					"$(inherited)",
					"@executable_path/Frameworks",
				);
				MARKETING_VERSION = 1.0;
				PRODUCT_BUNDLE_IDENTIFIER = com.tsleedev.TSCoordinatorSwiftUIDemo;
				PRODUCT_NAME = "$(TARGET_NAME)";
				SWIFT_EMIT_LOC_STRINGS = YES;
				SWIFT_VERSION = 5.0;
				TARGETED_DEVICE_FAMILY = "1,2";
			};
			name = Debug;
		};
		3F1D1FE32BE4BE2500E8B5E2 /* Release */ = {
			isa = XCBuildConfiguration;
			buildSettings = {
				ASSETCATALOG_COMPILER_APPICON_NAME = AppIcon;
				ASSETCATALOG_COMPILER_GLOBAL_ACCENT_COLOR_NAME = AccentColor;
				CODE_SIGN_STYLE = Automatic;
				CURRENT_PROJECT_VERSION = 1;
				DEVELOPMENT_ASSET_PATHS = "\"TSCoordinatorSwiftUIDemo/Preview Content\"";
				ENABLE_PREVIEWS = YES;
				GENERATE_INFOPLIST_FILE = YES;
				INFOPLIST_KEY_UIApplicationSceneManifest_Generation = YES;
				INFOPLIST_KEY_UIApplicationSupportsIndirectInputEvents = YES;
				INFOPLIST_KEY_UILaunchScreen_Generation = YES;
				INFOPLIST_KEY_UISupportedInterfaceOrientations = "UIInterfaceOrientationLandscapeLeft UIInterfaceOrientationLandscapeRight UIInterfaceOrientationPortrait";
				INFOPLIST_KEY_UISupportedInterfaceOrientations_iPad = "UIInterfaceOrientationLandscapeLeft UIInterfaceOrientationLandscapeRight UIInterfaceOrientationPortrait UIInterfaceOrientationPortraitUpsideDown";
				IPHONEOS_DEPLOYMENT_TARGET = 14.0;
				LD_RUNPATH_SEARCH_PATHS = (
					"$(inherited)",
					"@executable_path/Frameworks",
				);
				MARKETING_VERSION = 1.0;
				PRODUCT_BUNDLE_IDENTIFIER = com.tsleedev.TSCoordinatorSwiftUIDemo;
				PRODUCT_NAME = "$(TARGET_NAME)";
				SWIFT_EMIT_LOC_STRINGS = YES;
				SWIFT_VERSION = 5.0;
				TARGETED_DEVICE_FAMILY = "1,2";
			};
			name = Release;
		};
/* End XCBuildConfiguration section */

/* Begin XCConfigurationList section */
		3F1D1FCE2BE4BE2400E8B5E2 /* Build configuration list for PBXProject "TSCoordinatorSwiftUIDemo" */ = {
			isa = XCConfigurationList;
			buildConfigurations = (
				3F1D1FDF2BE4BE2500E8B5E2 /* Debug */,
				3F1D1FE02BE4BE2500E8B5E2 /* Release */,
			);
			defaultConfigurationIsVisible = 0;
			defaultConfigurationName = Release;
		};
		3F1D1FE12BE4BE2500E8B5E2 /* Build configuration list for PBXNativeTarget "TSCoordinatorSwiftUIDemo" */ = {
			isa = XCConfigurationList;
			buildConfigurations = (
				3F1D1FE22BE4BE2500E8B5E2 /* Debug */,
				3F1D1FE32BE4BE2500E8B5E2 /* Release */,
			);
			defaultConfigurationIsVisible = 0;
			defaultConfigurationName = Release;
		};
/* End XCConfigurationList section */

/* Begin XCSwiftPackageProductDependency section */
		3F1D1FF02BE4BEA300E8B5E2 /* FeatureMain */ = {
			isa = XCSwiftPackageProductDependency;
			productName = FeatureMain;
		};
/* End XCSwiftPackageProductDependency section */
	};
	rootObject = 3F1D1FCB2BE4BE2400E8B5E2 /* Project object */;
}
